
Microsoft Visual Studio Solution File, Format Version 12.00
# Visual Studio Version 17
VisualStudioVersion = 17.1.32421.90
MinimumVisualStudioVersion = 10.0.40219.1
Project("{FAE04EC0-301F-11D3-BF4B-00C04F79EFBC}") = "csharp-agenzia", "csharp-agenzia.csproj", "{C9FFE54C-B7DD-49DB-8EBC-FC7340FC3DC4}"
EndProject
Global
	GlobalSection(SolutionConfigurationPlatforms) = preSolution
		Debug|Any CPU = Debug|Any CPU
		Release|Any CPU = Release|Any CPU
	EndGlobalSection
	GlobalSection(ProjectConfigurationPlatforms) = postSolution
		{C9FFE54C-B7DD-49DB-8EBC-FC7340FC3DC4}.Debug|Any CPU.ActiveCfg = Debug|Any CPU
		{C9FFE54C-B7DD-49DB-8EBC-FC7340FC3DC4}.Debug|Any CPU.Build.0 = Debug|Any CPU
		{C9FFE54C-B7DD-49DB-8EBC-FC7340FC3DC4}.Release|Any CPU.ActiveCfg = Release|Any CPU
		{C9FFE54C-B7DD-49DB-8EBC-FC7340FC3DC4}.Release|Any CPU.Build.0 = Release|Any CPU
	EndGlobalSection
	GlobalSection(SolutionProperties) = preSolution
		HideSolutionNode = FALSE
	EndGlobalSection
	GlobalSection(ExtensibilityGlobals) = postSolution
		SolutionGuid = {6A2F7D42-497B-4F51-A840-7FEE3B025262}
	EndGlobalSection
EndGlobal
